#MicroXplorer Configuration settings - do not modify
Mcu.Family=STM32F3
ProjectManager.MainLocation=Core/Src
RCC.MCOFreq_Value=72000000
PB13.GPIOParameters=GPIO_Speed
RCC.USART1Freq_Value=72000000
RCC.CortexFreq_Value=72000000
RCC.TIM17Freq_Value=72000000
DAC1.DAC_OutputBuffer=DAC_OUTPUTBUFFER_ENABLE
ProjectManager.KeepUserCode=true
Mcu.UserName=STM32F303RETx
SH.COMP_DAC12_group.0=DAC1_OUT2,Enable_DAC_OUT2
USART1.BaudRate=115200
RCC.PLLCLKFreq_Value=72000000
PA14.GPIO_Label=TCK
RCC.SYSCLKSourceVirtual=RCC_SYSCLKSOURCE_PLLCLK
ProjectManager.functionlistsort=1-MX_GPIO_Init-GPIO-false-HAL-true,2-SystemClock_Config-RCC-false-HAL-false,3-MX_I2S2_Init-I2S2-false-HAL-true,4-MX_DAC1_Init-DAC1-false-HAL-true,5-MX_USART1_UART_Init-USART1-false-HAL-true,6-MX_TIM2_Init-TIM2-false-HAL-true
DAC1.IPParameters=DAC_Trigger,DAC_OutputBuffer
RCC.RTCFreq_Value=40000
RCC.USART2Freq_Value=72000000
USART1.IPParameters=VirtualMode-Asynchronous,BaudRate
PC13.GPIO_Label=B1 [Blue PushButton]
PB15.Signal=I2S2_SD
PB13.Signal=I2S2_CK
PinOutPanel.RotationAngle=0
ProjectManager.StackSize=0x400
SH.GPXTI13.0=GPIO_EXTI13
RCC.I2C3Freq_Value=8000000
Mcu.IP4=SYS
RCC.FCLKCortexFreq_Value=72000000
Mcu.IP5=TIM2
Mcu.IP2=NVIC
NVIC.SVCall_IRQn=true\:0\:0\:false\:false\:true\:false\:false
Mcu.IP3=RCC
Mcu.IP0=DAC1
Mcu.IP1=I2S2
Mcu.UserConstants=
SH.GPXTI13.ConfNb=1
Mcu.ThirdPartyNb=0
RCC.HCLKFreq_Value=72000000
Mcu.IPNb=7
RCC.I2SClocksFreq_Value=72000000
TIM2.IPParameters=TIM_MasterOutputTrigger,Period,Prescaler,AutoReloadPreload
ProjectManager.PreviousToolchain=
RCC.APB2TimFreq_Value=72000000
SH.COMP_DAC12_group.ConfNb=1
RCC.Usart2ClockSelection=RCC_USART2CLKSOURCE_SYSCLK
Mcu.Pin6=PA9
VP_TIM2_VS_ClockSourceINT.Signal=TIM2_VS_ClockSourceINT
Mcu.Pin7=PA10
Mcu.Pin8=PA13
Mcu.Pin9=PA14
RCC.AHBFreq_Value=72000000
RCC.TIM2Freq_Value=72000000
Mcu.Pin0=PC13
Mcu.Pin1=PA4
GPIO.groupedBy=Group By Peripherals
Mcu.Pin2=PA5
Mcu.Pin3=PB12
RCC.USART3Freq_Value=36000000
Mcu.Pin4=PB13
Mcu.Pin5=PB15
ProjectManager.ProjectBuild=false
RCC.HSE_VALUE=8000000
NVIC.UsageFault_IRQn=true\:0\:0\:false\:false\:true\:true\:false
NVIC.DebugMonitor_IRQn=true\:0\:0\:false\:false\:true\:true\:false
RCC.RCC_PLLsource_Clock_Source_FROM_HSE=RCC_HSE_PREDIV_DIV2
NVIC.SysTick_IRQn=true\:0\:0\:true\:false\:true\:true\:true
RCC.PLLMUL=RCC_PLL_MUL9
ProjectManager.FirmwarePackage=STM32Cube FW_F3 V1.11.2
MxDb.Version=DB.6.0.10
ProjectManager.BackupPrevious=false
PA14.Mode=Serial_Wire
NVIC.TIM2_IRQn=true\:0\:0\:false\:false\:true\:true\:true
File.Version=6
PB3.GPIOParameters=GPIO_Label
I2S2.IPParameters=Instance,VirtualMode,FullDuplexMode,RealAudioFreq,ErrorAudioFreq,AudioFreq,Mode,Standard,DataFormat
NVIC.SPI2_IRQn=true\:0\:0\:false\:false\:true\:true\:true
NVIC.PendSV_IRQn=true\:0\:0\:false\:false\:true\:false\:false
I2S2.DataFormat=I2S_DATAFORMAT_32B
ProjectManager.HalAssertFull=false
ProjectManager.ProjectName=I2S_to_DAC
RCC.TIM1Freq_Value=72000000
DAC1.DAC_Trigger=DAC_TRIGGER_T2_TRGO
PA13.GPIOParameters=GPIO_Label
RCC.PLLMCOFreq_Value=72000000
Mcu.Package=LQFP64
TIM2.Prescaler=72
RCC.TIM15Freq_Value=72000000
PB12.Mode=Half_Duplex_Slave
PA5.Locked=true
RCC.ADC34outputFreq_Value=72000000
PA14.Locked=true
ProjectManager.ToolChainLocation=
I2S2.Mode=I2S_MODE_SLAVE_RX
RCC.LSI_VALUE=40000
VP_SYS_VS_Systick.Signal=SYS_VS_Systick
PA10.Signal=USART1_RX
RCC.TIM16Freq_Value=72000000
TIM2.TIM_MasterOutputTrigger=TIM_TRGO_UPDATE
RCC.APB1TimFreq_Value=72000000
NVIC.BusFault_IRQn=true\:0\:0\:false\:false\:true\:true\:false
PB13.Mode=Half_Duplex_Slave
SH.COMP_DAC11_group.ConfNb=1
ProjectManager.CustomerFirmwarePackage=
PB3.Locked=true
PB3.GPIO_Label=SWO
I2S2.AudioFreq=I2S_AUDIOFREQ_44K
ProjectManager.ProjectFileName=I2S_to_DAC.ioc
RCC.ADC12outputFreq_Value=72000000
I2S2.Instance=SPI$Index
PA10.Mode=Asynchronous
Mcu.PinsNb=13
ProjectManager.NoMain=false
PC13.Locked=true
PC13.Signal=GPXTI13
ProjectManager.DefaultFWLocation=true
ProjectManager.DeletePrevious=true
RCC.APB1CLKDivider=RCC_HCLK_DIV2
boardIOC=true
RCC.FamilyName=M
USART1.VirtualMode-Asynchronous=VM_ASYNC
PA13.Signal=SYS_JTMS-SWDIO
PA9.Mode=Asynchronous
ProjectManager.TargetToolchain=Makefile
SH.COMP_DAC11_group.0=DAC1_OUT1,DAC_OUT1
PA9.Signal=USART1_TX
I2S2.VirtualMode=I2S_MODE_SLAVE
PB13.GPIO_Speed=GPIO_SPEED_FREQ_HIGH
ProjectManager.RegisterCallBack=
RCC.USBFreq_Value=72000000
RCC.LSE_VALUE=32768
PB12.GPIO_Speed=GPIO_SPEED_FREQ_HIGH
PA5.Signal=COMP_DAC12_group
board=NUCLEO-F303RE
ProjectManager.LastFirmware=true
PB15.Mode=Half_Duplex_Slave
RCC.VCOOutput2Freq_Value=8000000
RCC.APB2Freq_Value=72000000
RCC.TIM8Freq_Value=72000000
RCC.UART4Freq_Value=36000000
MxCube.Version=6.1.1
VP_TIM2_VS_ClockSourceINT.Mode=Internal
RCC.I2C1Freq_Value=8000000
PC13.GPIOParameters=GPIO_Label,GPIO_ModeDefaultEXTI
PB15.GPIO_Speed=GPIO_SPEED_FREQ_HIGH
VP_SYS_VS_Systick.Mode=SysTick
PA9.Locked=true
NVIC.NonMaskableInt_IRQn=true\:0\:0\:false\:false\:true\:true\:false
TIM2.Period=22
RCC.UART5Freq_Value=36000000
PB15.GPIOParameters=GPIO_Speed
PA13.Mode=Serial_Wire
ProjectManager.FreePins=false
RCC.IPParameters=ADC12outputFreq_Value,ADC34outputFreq_Value,AHBFreq_Value,APB1CLKDivider,APB1Freq_Value,APB1TimFreq_Value,APB2Freq_Value,APB2TimFreq_Value,CortexFreq_Value,FCLKCortexFreq_Value,FamilyName,HCLKFreq_Value,HSE_VALUE,HSI_VALUE,I2C1Freq_Value,I2C2Freq_Value,I2C3Freq_Value,I2SClocksFreq_Value,LSE_VALUE,LSI_VALUE,MCOFreq_Value,PLLCLKFreq_Value,PLLM,PLLMCOFreq_Value,PLLMUL,PLLN,PLLP,PLLQ,RCC_PLLsource_Clock_Source_FROM_HSE,RTCFreq_Value,RTCHSEDivFreq_Value,SYSCLKFreq_VALUE,SYSCLKSourceVirtual,TIM15Freq_Value,TIM16Freq_Value,TIM17Freq_Value,TIM1Freq_Value,TIM20Freq_Value,TIM2Freq_Value,TIM3Freq_Value,TIM8Freq_Value,UART4Freq_Value,UART5Freq_Value,USART1Freq_Value,USART2Freq_Value,USART3Freq_Value,USBFreq_Value,Usart2ClockSelection,VCOOutput2Freq_Value
ProjectManager.AskForMigrate=true
Mcu.Name=STM32F303R(D-E)Tx
RCC.RTCHSEDivFreq_Value=250000
PA13.GPIO_Label=TMS
ProjectManager.UnderRoot=false
I2S2.FullDuplexMode=I2S_FULLDUPLEXMODE_DISABLE
Mcu.IP6=USART1
ProjectManager.CoupleFile=false
PB3.Signal=SYS_JTDO-TRACESWO
PA4.Signal=COMP_DAC11_group
RCC.SYSCLKFreq_VALUE=72000000
PA10.Locked=true
I2S2.ErrorAudioFreq=-1.66 %
NVIC.ForceEnableDMAVector=true
KeepUserPlacement=false
PC13.GPIO_ModeDefaultEXTI=GPIO_MODE_IT_FALLING
PA14.GPIOParameters=GPIO_Label
NVIC.MemoryManagement_IRQn=true\:0\:0\:false\:false\:true\:true\:false
PA13.Locked=true
ProjectManager.CompilerOptimize=6
PA14.Signal=SYS_JTCK-SWCLK
ProjectManager.HeapSize=0x200
NVIC.HardFault_IRQn=true\:0\:0\:false\:false\:true\:true\:false
RCC.TIM20Freq_Value=72000000
ProjectManager.ComputerToolchain=false
RCC.HSI_VALUE=8000000
RCC.TIM3Freq_Value=72000000
RCC.PLLP=RCC_PLLP_DIV4
RCC.PLLQ=7
NVIC.PriorityGroup=NVIC_PRIORITYGROUP_0
Mcu.Pin11=VP_SYS_VS_Systick
Mcu.Pin12=VP_TIM2_VS_ClockSourceINT
RCC.PLLM=8
RCC.PLLN=336
Mcu.Pin10=PB3
TIM2.AutoReloadPreload=TIM_AUTORELOAD_PRELOAD_ENABLE
RCC.I2C2Freq_Value=8000000
RCC.APB1Freq_Value=36000000
I2S2.RealAudioFreq=43.269 KHz
I2S2.Standard=I2S_STANDARD_PHILIPS
ProjectManager.DeviceId=STM32F303RETx
PB12.GPIOParameters=GPIO_Speed
PB12.Signal=I2S2_WS
ProjectManager.LibraryCopy=0
